Microsoft Visual Studio Solution File, Format Version 12.00
# Visual Studio Version 17
VisualStudioVersion = 17.5.2.0
MinimumVisualStudioVersion = 10.0.40219.1
Project("{FAE04EC0-301F-11D3-BF4B-00C04F79EFBC}") = "Sports-Playlist-Server", "Sports-Playlist-Server\Sports-Playlist-Server.csproj", "{774377B6-FE19-69F0-593D-0ADE75C6D3B1}"
EndProject
Global
	GlobalSection(SolutionConfigurationPlatforms) = preSolution
		Debug|Any CPU = Debug|Any CPU
		Release|Any CPU = Release|Any CPU
	EndGlobalSection
	GlobalSection(ProjectConfigurationPlatforms) = postSolution
		{774377B6-FE19-69F0-593D-0ADE75C6D3B1}.Debug|Any CPU.ActiveCfg = Debug|Any CPU
		{774377B6-FE19-69F0-593D-0ADE75C6D3B1}.Debug|Any CPU.Build.0 = Debug|Any CPU
		{774377B6-FE19-69F0-593D-0ADE75C6D3B1}.Release|Any CPU.ActiveCfg = Release|Any CPU
		{774377B6-FE19-69F0-593D-0ADE75C6D3B1}.Release|Any CPU.Build.0 = Release|Any CPU
	EndGlobalSection
	GlobalSection(SolutionProperties) = preSolution
		HideSolutionNode = FALSE
	EndGlobalSection
	GlobalSection(ExtensibilityGlobals) = postSolution
		SolutionGuid = {9B9917C8-7991-4E43-BA84-77F97319FCD2}
	EndGlobalSection
EndGlobal
